{
  "name": "hour-chain-protocol",
  "version": "0.1.0",
  "lockfileVersion": 3,
  "requires": true,
  "packages": {
    "": {
      "name": "hour-chain-protocol",
      "version": "0.1.0",
      "dependencies": {
        "canonicalize": "^5.0.0"
      }
    },
    "node_modules/canonicalize": {
      "version": "5.0.0",
      "resolved": "https://registry.npmjs.org/canonicalize/-/canonicalize-5.0.0.tgz",
      "integrity": "sha512-O/NCg79G0/TWoD3Fo6scOMfP4p7/TsxRXVmRo9mEfD6h/5y5o1wtVbKyBO0E2i7FEcqe5tRijyAH/IWHIHMH4w==",
      "license": "Apache-2.0",
      "bin": {
        "canonicalize": "bin/canonicalize.js"
      },
      "engines": {
        "node": ">=22"
      }
    }
  }
}
